
Microsoft Visual Studio Solution File, Format Version 12.00
# Visual Studio Version 16
VisualStudioVersion = 16.0.29806.167
MinimumVisualStudioVersion = 10.0.40219.1
Project("{FAE04EC0-301F-11D3-BF4B-00C04F79EFBC}") = "Grpc.Server", "Grpc.Server\Grpc.Server.csproj", "{939D9418-12DF-419C-9441-E6D0F0833660}"
EndProject
Global
	GlobalSection(SolutionConfigurationPlatforms) = preSolution
		Debug|Any CPU = Debug|Any CPU
		Release|Any CPU = Release|Any CPU
	EndGlobalSection
	GlobalSection(ProjectConfigurationPlatforms) = postSolution
		{939D9418-12DF-419C-9441-E6D0F0833660}.Debug|Any CPU.ActiveCfg = Debug|Any CPU
		{939D9418-12DF-419C-9441-E6D0F0833660}.Debug|Any CPU.Build.0 = Debug|Any CPU
		{939D9418-12DF-419C-9441-E6D0F0833660}.Release|Any CPU.ActiveCfg = Release|Any CPU
		{939D9418-12DF-419C-9441-E6D0F0833660}.Release|Any CPU.Build.0 = Release|Any CPU
	EndGlobalSection
	GlobalSection(SolutionProperties) = preSolution
		HideSolutionNode = FALSE
	EndGlobalSection
	GlobalSection(ExtensibilityGlobals) = postSolution
		SolutionGuid = {8F0E31F4-BFE0-4587-A69C-A38CB5E0B762}
	EndGlobalSection
EndGlobal
